
Microsoft Visual Studio Solution File, Format Version 12.00
# Visual Studio 14
VisualStudioVersion = 14.0.25420.1
MinimumVisualStudioVersion = 10.0.40219.1
Project("{FAE04EC0-301F-11D3-BF4B-00C04F79EFBC}") = "EMSAPI", "EMSAPI\EMSAPI.csproj", "{F09CC9EC-2950-47BD-A2B8-8B0F9825F86D}"
EndProject
Project("{FAE04EC0-301F-11D3-BF4B-00C04F79EFBC}") = "EMSClassLibrary", "EMSClassLibrary\EMSClassLibrary.csproj", "{63FC95FC-F1C8-467D-95E1-6BE52C795780}"
EndProject
Global
	GlobalSection(SolutionConfigurationPlatforms) = preSolution
		Debug|Any CPU = Debug|Any CPU
		Release|Any CPU = Release|Any CPU
	EndGlobalSection
	GlobalSection(ProjectConfigurationPlatforms) = postSolution
		{F09CC9EC-2950-47BD-A2B8-8B0F9825F86D}.Debug|Any CPU.ActiveCfg = Debug|Any CPU
		{F09CC9EC-2950-47BD-A2B8-8B0F9825F86D}.Debug|Any CPU.Build.0 = Debug|Any CPU
		{F09CC9EC-2950-47BD-A2B8-8B0F9825F86D}.Release|Any CPU.ActiveCfg = Release|Any CPU
		{F09CC9EC-2950-47BD-A2B8-8B0F9825F86D}.Release|Any CPU.Build.0 = Release|Any CPU
		{63FC95FC-F1C8-467D-95E1-6BE52C795780}.Debug|Any CPU.ActiveCfg = Debug|Any CPU
		{63FC95FC-F1C8-467D-95E1-6BE52C795780}.Debug|Any CPU.Build.0 = Debug|Any CPU
		{63FC95FC-F1C8-467D-95E1-6BE52C795780}.Release|Any CPU.ActiveCfg = Release|Any CPU
		{63FC95FC-F1C8-467D-95E1-6BE52C795780}.Release|Any CPU.Build.0 = Release|Any CPU
	EndGlobalSection
	GlobalSection(SolutionProperties) = preSolution
		HideSolutionNode = FALSE
	EndGlobalSection
EndGlobal
